
Microsoft Visual Studio Solution File, Format Version 12.00
# Visual Studio Version 17
VisualStudioVersion = 17.14.36518.9
MinimumVisualStudioVersion = 10.0.40219.1
Project("{FAE04EC0-301F-11D3-BF4B-00C04F79EFBC}") = "XO Game", "XO Game.csproj", "{DC453E14-2D04-44A9-9EDD-42FF925EE0AE}"
EndProject
Global
	GlobalSection(SolutionConfigurationPlatforms) = preSolution
		Debug|Any CPU = Debug|Any CPU
		Release|Any CPU = Release|Any CPU
	EndGlobalSection
	GlobalSection(ProjectConfigurationPlatforms) = postSolution
		{DC453E14-2D04-44A9-9EDD-42FF925EE0AE}.Debug|Any CPU.ActiveCfg = Debug|Any CPU
		{DC453E14-2D04-44A9-9EDD-42FF925EE0AE}.Debug|Any CPU.Build.0 = Debug|Any CPU
		{DC453E14-2D04-44A9-9EDD-42FF925EE0AE}.Release|Any CPU.ActiveCfg = Release|Any CPU
		{DC453E14-2D04-44A9-9EDD-42FF925EE0AE}.Release|Any CPU.Build.0 = Release|Any CPU
	EndGlobalSection
	GlobalSection(SolutionProperties) = preSolution
		HideSolutionNode = FALSE
	EndGlobalSection
	GlobalSection(ExtensibilityGlobals) = postSolution
		SolutionGuid = {C71CE2FC-648C-4CB7-9051-6AD2ED440760}
	EndGlobalSection
EndGlobal
